PODS:
  - Alamofire (4.2.0)
  - AlamofireImage (3.2.0):
    - Alamofire (~> 4.1)
  - Unbox (2.3.0)
  - XLPagerTabStrip (5.0.0)

DEPENDENCIES:
  - Alamofire
  - AlamofireImage
  - Unbox
  - XLPagerTabStrip (from `https://github.com/KelvinJin/XLPagerTabStrip`, branch `swift3_alex`)

EXTERNAL SOURCES:
  XLPagerTabStrip:
    :branch: swift3_alex
    :git: https://github.com/KelvinJin/XLPagerTabStrip

CHECKOUT OPTIONS:
  XLPagerTabStrip:
    :commit: a1fcb0a605c6d85db1baa63820444aa2d1e1aae4
    :git: https://github.com/KelvinJin/XLPagerTabStrip

SPEC CHECKSUMS:
  Alamofire: aa2e09d871c9160ac53c90e83c68064a94e3dfbe
  AlamofireImage: 157ed682cc81d3b9db4fb90c1f12180ac552d93b
  Unbox: 5ba1966ebe99b5d568d432626323331eedd33458
  XLPagerTabStrip: 87b8b705f9a7178e76a063ffaa2d70045944a965

PODFILE CHECKSUM: df970dd381677c8808feb688c0a56d04d0be1633

COCOAPODS: 1.1.1
